
Microsoft Visual Studio Solution File, Format Version 12.00
# Visual Studio Version 16
VisualStudioVersion = 16.0.29215.179
MinimumVisualStudioVersion = 10.0.40219.1
Project("{FAE04EC0-301F-11D3-BF4B-00C04F79EFBC}") = "MeteorDodgerssssss", "MeteorDodgerssssss\MeteorDodgerssssss.csproj", "{06CEDAEE-ACCD-4E3C-BC77-FE29EBBCBA56}"
EndProject
Global
	GlobalSection(SolutionConfigurationPlatforms) = preSolution
		Debug|Any CPU = Debug|Any CPU
		Release|Any CPU = Release|Any CPU
	EndGlobalSection
	GlobalSection(ProjectConfigurationPlatforms) = postSolution
		{06CEDAEE-ACCD-4E3C-BC77-FE29EBBCBA56}.Debug|Any CPU.ActiveCfg = Debug|Any CPU
		{06CEDAEE-ACCD-4E3C-BC77-FE29EBBCBA56}.Debug|Any CPU.Build.0 = Debug|Any CPU
		{06CEDAEE-ACCD-4E3C-BC77-FE29EBBCBA56}.Release|Any CPU.ActiveCfg = Release|Any CPU
		{06CEDAEE-ACCD-4E3C-BC77-FE29EBBCBA56}.Release|Any CPU.Build.0 = Release|Any CPU
	EndGlobalSection
	GlobalSection(SolutionProperties) = preSolution
		HideSolutionNode = FALSE
	EndGlobalSection
	GlobalSection(ExtensibilityGlobals) = postSolution
		SolutionGuid = {F8894F95-2455-414D-A5B7-9AF44A761AA6}
	EndGlobalSection
EndGlobal
